
Microsoft Visual Studio Solution File, Format Version 12.00
# Visual Studio 15
VisualStudioVersion = 15.0.27004.2006
MinimumVisualStudioVersion = 10.0.40219.1
Project("{FAE04EC0-301F-11D3-BF4B-00C04F79EFBC}") = "MSADocumentBuilder", "MSADocumentBuilder\MSADocumentBuilder.csproj", "{CD89993D-6948-41EF-8055-513A2E28E26D}"
EndProject
Global
	GlobalSection(SolutionConfigurationPlatforms) = preSolution
		Debug|Any CPU = Debug|Any CPU
		Release|Any CPU = Release|Any CPU
	EndGlobalSection
	GlobalSection(ProjectConfigurationPlatforms) = postSolution
		{CD89993D-6948-41EF-8055-513A2E28E26D}.Debug|Any CPU.ActiveCfg = Debug|Any CPU
		{CD89993D-6948-41EF-8055-513A2E28E26D}.Debug|Any CPU.Build.0 = Debug|Any CPU
		{CD89993D-6948-41EF-8055-513A2E28E26D}.Release|Any CPU.ActiveCfg = Release|Any CPU
		{CD89993D-6948-41EF-8055-513A2E28E26D}.Release|Any CPU.Build.0 = Release|Any CPU
	EndGlobalSection
	GlobalSection(SolutionProperties) = preSolution
		HideSolutionNode = FALSE
	EndGlobalSection
	GlobalSection(ExtensibilityGlobals) = postSolution
		SolutionGuid = {1164F601-AB5C-49F8-829B-37187AE1DE39}
	EndGlobalSection
EndGlobal
